// !$*UTF8*$!
{
	archiveVersion = 1;
	classes = {
	};
	objectVersion = 51;
	objects = {

/* Begin PBXBuildFile section */
		22144AC3255736D300F86787 /* CommentsControl.swift in Sources */ = {isa = PBXBuildFile; fileRef = 22144AC2255736D300F86787 /* CommentsControl.swift */; };
		22943B2F2558914700361686 /* ViewsControl.swift in Sources */ = {isa = PBXBuildFile; fileRef = 22943B2E2558914700361686 /* ViewsControl.swift */; };
		22943B33255891BB00361686 /* RepostControl.swift in Sources */ = {isa = PBXBuildFile; fileRef = 22943B32255891BB00361686 /* RepostControl.swift */; };
		229787BC256B141400C89201 /* Readme.md in Resources */ = {isa = PBXBuildFile; fileRef = 229787BB256B141400C89201 /* Readme.md */; };
		229B3143254A0FAA003FFFA8 /* PhotoService.swift in Sources */ = {isa = PBXBuildFile; fileRef = 229B3142254A0FAA003FFFA8 /* PhotoService.swift */; };
		9629370A82F66199F48424CD /* Pods_VKApi.framework in Frameworks */ = {isa = PBXBuildFile; fileRef = 33EC894FDC5A6ECC074BED0E /* Pods_VKApi.framework */; };
		B512384F251544D700ACF939 /* AsyncOperation.swift in Sources */ = {isa = PBXBuildFile; fileRef = B512384E251544D700ACF939 /* AsyncOperation.swift */; };
		B52354492513FAC800B7E86F /* NetworkServices.swift in Sources */ = {isa = PBXBuildFile; fileRef = B52354482513FAC800B7E86F /* NetworkServices.swift */; };
		B523544C2514010C00B7E86F /* NetworkOperation.swift in Sources */ = {isa = PBXBuildFile; fileRef = B523544B2514010C00B7E86F /* NetworkOperation.swift */; };
		B52EE8DC24E5C3BE00176EAA /* Session.swift in Sources */ = {isa = PBXBuildFile; fileRef = B52EE8DB24E5C3BE00176EAA /* Session.swift */; };
		B52EE8DE24E5C5E500176EAA /* VKLoginController.swift in Sources */ = {isa = PBXBuildFile; fileRef = B52EE8DD24E5C5E500176EAA /* VKLoginController.swift */; };
		B52EE8E424E5E29E00176EAA /* WebKit.framework in Frameworks */ = {isa = PBXBuildFile; fileRef = B52EE8E324E5E29E00176EAA /* WebKit.framework */; };
		B53E7246252BC5B600CA5F08 /* HeartControl.swift in Sources */ = {isa = PBXBuildFile; fileRef = B53E7245252BC5B600CA5F08 /* HeartControl.swift */; };
		B53FB72D24CF5CDA0009977E /* Extension.swift in Sources */ = {isa = PBXBuildFile; fileRef = B53FB72C24CF5CDA0009977E /* Extension.swift */; };
		B54C30522529F986007B3604 /* NewsCollectionViewController.swift in Sources */ = {isa = PBXBuildFile; fileRef = B54C30512529F986007B3604 /* NewsCollectionViewController.swift */; };
		B54C305B2529F9D3007B3604 /* CellCollectionViewCell.swift in Sources */ = {isa = PBXBuildFile; fileRef = B54C305A2529F9D3007B3604 /* CellCollectionViewCell.swift */; };
		B550E32924EEF50600C42755 /* RealmService.swift in Sources */ = {isa = PBXBuildFile; fileRef = B550E32824EEF50600C42755 /* RealmService.swift */; };
		B569877524FBDFEE009933D1 /* Photo.swift in Sources */ = {isa = PBXBuildFile; fileRef = B569877424FBDFEE009933D1 /* Photo.swift */; };
		B5B69AF924CC85A600E9B552 /* AppDelegate.swift in Sources */ = {isa = PBXBuildFile; fileRef = B5B69AF824CC85A600E9B552 /* AppDelegate.swift */; };
		B5B69AFB24CC85A600E9B552 /* SceneDelegate.swift in Sources */ = {isa = PBXBuildFile; fileRef = B5B69AFA24CC85A600E9B552 /* SceneDelegate.swift */; };
		B5B69AFD24CC85A600E9B552 /* ViewController.swift in Sources */ = {isa = PBXBuildFile; fileRef = B5B69AFC24CC85A600E9B552 /* ViewController.swift */; };
		B5B69B0224CC85A700E9B552 /* Assets.xcassets in Resources */ = {isa = PBXBuildFile; fileRef = B5B69B0124CC85A700E9B552 /* Assets.xcassets */; };
		B5B69B0524CC85A700E9B552 /* LaunchScreen.storyboard in Resources */ = {isa = PBXBuildFile; fileRef = B5B69B0324CC85A700E9B552 /* LaunchScreen.storyboard */; };
		B5C51FBA2504F0D80028671B /* NewsFeedModel.swift in Sources */ = {isa = PBXBuildFile; fileRef = B5C51FB92504F0D80028671B /* NewsFeedModel.swift */; };
		B5DAC13824CDE83B0081C6E2 /* FriendsTableViewController.swift in Sources */ = {isa = PBXBuildFile; fileRef = B5DAC13724CDE83B0081C6E2 /* FriendsTableViewController.swift */; };
		B5DAC13A24CDE8720081C6E2 /* FriendsDetailCollectionViewController.swift in Sources */ = {isa = PBXBuildFile; fileRef = B5DAC13924CDE8720081C6E2 /* FriendsDetailCollectionViewController.swift */; };
		B5DAC13F24CDE8DC0081C6E2 /* FriendsTableViewCell.swift in Sources */ = {isa = PBXBuildFile; fileRef = B5DAC13E24CDE8DC0081C6E2 /* FriendsTableViewCell.swift */; };
		B5DAC14124CDE8F00081C6E2 /* FriendsDetailCollectionViewCell.swift in Sources */ = {isa = PBXBuildFile; fileRef = B5DAC14024CDE8F00081C6E2 /* FriendsDetailCollectionViewCell.swift */; };
		B5DAC14624CDE96C0081C6E2 /* GroupesTableViewController.swift in Sources */ = {isa = PBXBuildFile; fileRef = B5DAC14524CDE96C0081C6E2 /* GroupesTableViewController.swift */; };
		B5DAC14824CDE9810081C6E2 /* GroupesTableViewCell.swift in Sources */ = {isa = PBXBuildFile; fileRef = B5DAC14724CDE9810081C6E2 /* GroupesTableViewCell.swift */; };
		B5EA886024E9745A002C13E0 /* Friend.swift in Sources */ = {isa = PBXBuildFile; fileRef = B5EA885F24E9745A002C13E0 /* Friend.swift */; };
		B5EA886224E9872D002C13E0 /* Response.swift in Sources */ = {isa = PBXBuildFile; fileRef = B5EA886124E9872D002C13E0 /* Response.swift */; };
		B5EA886824E9A3E0002C13E0 /* Groups.swift in Sources */ = {isa = PBXBuildFile; fileRef = B5EA886724E9A3E0002C13E0 /* Groups.swift */; };
		B5F1BBC224FAAB9300097AC2 /* NetworkServices + Ext.swift in Sources */ = {isa = PBXBuildFile; fileRef = B5F1BBC124FAAB9300097AC2 /* NetworkServices + Ext.swift */; };
		B5FC403924D44CBB00B56697 /* NewsTableViewCell.swift in Sources */ = {isa = PBXBuildFile; fileRef = B5FC403824D44CBB00B56697 /* NewsTableViewCell.swift */; };
		B5FC403D24D44D9D00B56697 /* NewsViewController.swift in Sources */ = {isa = PBXBuildFile; fileRef = B5FC403C24D44D9D00B56697 /* NewsViewController.swift */; };
		B5FC403F24D44FF400B56697 /* Main.storyboard in Resources */ = {isa = PBXBuildFile; fileRef = B5FC403E24D44FF400B56697 /* Main.storyboard */; };
/* End PBXBuildFile section */

/* Begin PBXFileReference section */
		22144AC2255736D300F86787 /* CommentsControl.swift */ = {isa = PBXFileReference; lastKnownFileType = sourcecode.swift; path = CommentsControl.swift; sourceTree = "<group>"; };
		22943B2E2558914700361686 /* ViewsControl.swift */ = {isa = PBXFileReference; lastKnownFileType = sourcecode.swift; path = ViewsControl.swift; sourceTree = "<group>"; };
		22943B32255891BB00361686 /* RepostControl.swift */ = {isa = PBXFileReference; lastKnownFileType = sourcecode.swift; path = RepostControl.swift; sourceTree = "<group>"; };
		229787BB256B141400C89201 /* Readme.md */ = {isa = PBXFileReference; lastKnownFileType = net.daringfireball.markdown; path = Readme.md; sourceTree = "<group>"; };
		229B3142254A0FAA003FFFA8 /* PhotoService.swift */ = {isa = PBXFileReference; lastKnownFileType = sourcecode.swift; path = PhotoService.swift; sourceTree = "<group>"; };
		33EC894FDC5A6ECC074BED0E /* Pods_VKApi.framework */ = {isa = PBXFileReference; explicitFileType = wrapper.framework; includeInIndex = 0; path = Pods_VKApi.framework; sourceTree = BUILT_PRODUCTS_DIR; };
		42E07992D5FB76B09D3A7511 /* Pods-VKApi.release.xcconfig */ = {isa = PBXFileReference; includeInIndex = 1; lastKnownFileType = text.xcconfig; name = "Pods-VKApi.release.xcconfig"; path = "Target Support Files/Pods-VKApi/Pods-VKApi.release.xcconfig"; sourceTree = "<group>"; };
		B512384E251544D700ACF939 /* AsyncOperation.swift */ = {isa = PBXFileReference; lastKnownFileType = sourcecode.swift; path = AsyncOperation.swift; sourceTree = "<group>"; };
		B52354482513FAC800B7E86F /* NetworkServices.swift */ = {isa = PBXFileReference; lastKnownFileType = sourcecode.swift; path = NetworkServices.swift; sourceTree = "<group>"; };
		B523544B2514010C00B7E86F /* NetworkOperation.swift */ = {isa = PBXFileReference; lastKnownFileType = sourcecode.swift; path = NetworkOperation.swift; sourceTree = "<group>"; };
		B52EE8DB24E5C3BE00176EAA /* Session.swift */ = {isa = PBXFileReference; lastKnownFileType = sourcecode.swift; path = Session.swift; sourceTree = "<group>"; };
		B52EE8DD24E5C5E500176EAA /* VKLoginController.swift */ = {isa = PBXFileReference; lastKnownFileType = sourcecode.swift; path = VKLoginController.swift; sourceTree = "<group>"; };
		B52EE8E324E5E29E00176EAA /* WebKit.framework */ = {isa = PBXFileReference; lastKnownFileType = wrapper.framework; name = WebKit.framework; path = System/Library/Frameworks/WebKit.framework; sourceTree = SDKROOT; };
		B53E7245252BC5B600CA5F08 /* HeartControl.swift */ = {isa = PBXFileReference; lastKnownFileType = sourcecode.swift; path = HeartControl.swift; sourceTree = "<group>"; };
		B53FB72C24CF5CDA0009977E /* Extension.swift */ = {isa = PBXFileReference; lastKnownFileType = sourcecode.swift; path = Extension.swift; sourceTree = "<group>"; };
		B54C30512529F986007B3604 /* NewsCollectionViewController.swift */ = {isa = PBXFileReference; lastKnownFileType = sourcecode.swift; path = NewsCollectionViewController.swift; sourceTree = "<group>"; };
		B54C305A2529F9D3007B3604 /* CellCollectionViewCell.swift */ = {isa = PBXFileReference; lastKnownFileType = sourcecode.swift; path = CellCollectionViewCell.swift; sourceTree = "<group>"; };
		B550E32824EEF50600C42755 /* RealmService.swift */ = {isa = PBXFileReference; lastKnownFileType = sourcecode.swift; path = RealmService.swift; sourceTree = "<group>"; };
		B569877424FBDFEE009933D1 /* Photo.swift */ = {isa = PBXFileReference; lastKnownFileType = sourcecode.swift; path = Photo.swift; sourceTree = "<group>"; };
		B5B69AF524CC85A600E9B552 /* VKApi.app */ = {isa = PBXFileReference; explicitFileType = wrapper.application; includeInIndex = 0; path = VKApi.app; sourceTree = BUILT_PRODUCTS_DIR; };
		B5B69AF824CC85A600E9B552 /* AppDelegate.swift */ = {isa = PBXFileReference; lastKnownFileType = sourcecode.swift; path = AppDelegate.swift; sourceTree = "<group>"; };
		B5B69AFA24CC85A600E9B552 /* SceneDelegate.swift */ = {isa = PBXFileReference; lastKnownFileType = sourcecode.swift; path = SceneDelegate.swift; sourceTree = "<group>"; };
		B5B69AFC24CC85A600E9B552 /* ViewController.swift */ = {isa = PBXFileReference; lastKnownFileType = sourcecode.swift; path = ViewController.swift; sourceTree = "<group>"; };
		B5B69B0124CC85A700E9B552 /* Assets.xcassets */ = {isa = PBXFileReference; lastKnownFileType = folder.assetcatalog; path = Assets.xcassets; sourceTree = "<group>"; };
		B5B69B0424CC85A700E9B552 /* Base */ = {isa = PBXFileReference; lastKnownFileType = file.storyboard; name = Base; path = Base.lproj/LaunchScreen.storyboard; sourceTree = "<group>"; };
		B5B69B0624CC85A700E9B552 /* Info.plist */ = {isa = PBXFileReference; lastKnownFileType = text.plist.xml; path = Info.plist; sourceTree = "<group>"; };
		B5C51FB92504F0D80028671B /* NewsFeedModel.swift */ = {isa = PBXFileReference; lastKnownFileType = sourcecode.swift; path = NewsFeedModel.swift; sourceTree = "<group>"; };
		B5DAC13724CDE83B0081C6E2 /* FriendsTableViewController.swift */ = {isa = PBXFileReference; lastKnownFileType = sourcecode.swift; path = FriendsTableViewController.swift; sourceTree = "<group>"; };
		B5DAC13924CDE8720081C6E2 /* FriendsDetailCollectionViewController.swift */ = {isa = PBXFileReference; lastKnownFileType = sourcecode.swift; path = FriendsDetailCollectionViewController.swift; sourceTree = "<group>"; };
		B5DAC13E24CDE8DC0081C6E2 /* FriendsTableViewCell.swift */ = {isa = PBXFileReference; lastKnownFileType = sourcecode.swift; path = FriendsTableViewCell.swift; sourceTree = "<group>"; };
		B5DAC14024CDE8F00081C6E2 /* FriendsDetailCollectionViewCell.swift */ = {isa = PBXFileReference; lastKnownFileType = sourcecode.swift; path = FriendsDetailCollectionViewCell.swift; sourceTree = "<group>"; };
		B5DAC14524CDE96C0081C6E2 /* GroupesTableViewController.swift */ = {isa = PBXFileReference; lastKnownFileType = sourcecode.swift; path = GroupesTableViewController.swift; sourceTree = "<group>"; };
		B5DAC14724CDE9810081C6E2 /* GroupesTableViewCell.swift */ = {isa = PBXFileReference; lastKnownFileType = sourcecode.swift; path = GroupesTableViewCell.swift; sourceTree = "<group>"; };
		B5EA885F24E9745A002C13E0 /* Friend.swift */ = {isa = PBXFileReference; lastKnownFileType = sourcecode.swift; path = Friend.swift; sourceTree = "<group>"; };
		B5EA886124E9872D002C13E0 /* Response.swift */ = {isa = PBXFileReference; lastKnownFileType = sourcecode.swift; path = Response.swift; sourceTree = "<group>"; };
		B5EA886724E9A3E0002C13E0 /* Groups.swift */ = {isa = PBXFileReference; lastKnownFileType = sourcecode.swift; path = Groups.swift; sourceTree = "<group>"; };
		B5F1BBC124FAAB9300097AC2 /* NetworkServices + Ext.swift */ = {isa = PBXFileReference; lastKnownFileType = sourcecode.swift; path = "NetworkServices + Ext.swift"; sourceTree = "<group>"; };
		B5FC403824D44CBB00B56697 /* NewsTableViewCell.swift */ = {isa = PBXFileReference; lastKnownFileType = sourcecode.swift; path = NewsTableViewCell.swift; sourceTree = "<group>"; };
		B5FC403C24D44D9D00B56697 /* NewsViewController.swift */ = {isa = PBXFileReference; lastKnownFileType = sourcecode.swift; path = NewsViewController.swift; sourceTree = "<group>"; };
		B5FC403E24D44FF400B56697 /* Main.storyboard */ = {isa = PBXFileReference; fileEncoding = 4; lastKnownFileType = file.storyboard; path = Main.storyboard; sourceTree = "<group>"; };
		EBDC7CA7A0C72A7A4A1C7D84 /* Pods-VKApi.debug.xcconfig */ = {isa = PBXFileReference; includeInIndex = 1; lastKnownFileType = text.xcconfig; name = "Pods-VKApi.debug.xcconfig"; path = "Target Support Files/Pods-VKApi/Pods-VKApi.debug.xcconfig"; sourceTree = "<group>"; };
/* End PBXFileReference section */

/* Begin PBXFrameworksBuildPhase section */
		B5B69AF224CC85A600E9B552 /* Frameworks */ = {
			isa = PBXFrameworksBuildPhase;
			buildActionMask = 2147483647;
			files = (
				B52EE8E424E5E29E00176EAA /* WebKit.framework in Frameworks */,
				9629370A82F66199F48424CD /* Pods_VKApi.framework in Frameworks */,
			);
			runOnlyForDeploymentPostprocessing = 0;
		};
/* End PBXFrameworksBuildPhase section */

/* Begin PBXGroup section */
		B52354442511687800B7E86F /* OperationsNetwork */ = {
			isa = PBXGroup;
			children = (
				B523544B2514010C00B7E86F /* NetworkOperation.swift */,
				B512384E251544D700ACF939 /* AsyncOperation.swift */,
			);
			path = OperationsNetwork;
			sourceTree = "<group>";
		};
		B52354472513F95400B7E86F /* Network */ = {
			isa = PBXGroup;
			children = (
				B5EA886124E9872D002C13E0 /* Response.swift */,
				B52354482513FAC800B7E86F /* NetworkServices.swift */,
				B5F1BBC124FAAB9300097AC2 /* NetworkServices + Ext.swift */,
				229B3142254A0FAA003FFFA8 /* PhotoService.swift */,
			);
			path = Network;
			sourceTree = "<group>";
		};
		B52EE8DF24E5D8B000176EAA /* NetworkServices */ = {
			isa = PBXGroup;
			children = (
				B52354472513F95400B7E86F /* Network */,
				B52354442511687800B7E86F /* OperationsNetwork */,
			);
			path = NetworkServices;
			sourceTree = "<group>";
		};
		B52EE8E224E5E29E00176EAA /* Frameworks */ = {
			isa = PBXGroup;
			children = (
				B52EE8E324E5E29E00176EAA /* WebKit.framework */,
				33EC894FDC5A6ECC074BED0E /* Pods_VKApi.framework */,
			);
			name = Frameworks;
			sourceTree = "<group>";
		};
		B53E7244252BC59000CA5F08 /* UIControls */ = {
			isa = PBXGroup;
			children = (
				B53E7245252BC5B600CA5F08 /* HeartControl.swift */,
				22144AC2255736D300F86787 /* CommentsControl.swift */,
				22943B32255891BB00361686 /* RepostControl.swift */,
				22943B2E2558914700361686 /* ViewsControl.swift */,
			);
			path = UIControls;
			sourceTree = "<group>";
		};
		B54C30502529F95C007B3604 /* CollectionViewController */ = {
			isa = PBXGroup;
			children = (
				B54C30512529F986007B3604 /* NewsCollectionViewController.swift */,
				B54C305A2529F9D3007B3604 /* CellCollectionViewCell.swift */,
			);
			path = CollectionViewController;
			sourceTree = "<group>";
		};
		B550E32724EEF4E000C42755 /* StorageManager */ = {
			isa = PBXGroup;
			children = (
				B550E32824EEF50600C42755 /* RealmService.swift */,
			);
			path = StorageManager;
			sourceTree = "<group>";
		};
		B569877124FBDAF7009933D1 /* DetailCollectionVIew */ = {
			isa = PBXGroup;
			children = (
				B569877224FBDB10009933D1 /* Model */,
				B5A4B5072508073C000A08F6 /* Views */,
			);
			path = DetailCollectionVIew;
			sourceTree = "<group>";
		};
		B569877224FBDB10009933D1 /* Model */ = {
			isa = PBXGroup;
			children = (
				B569877424FBDFEE009933D1 /* Photo.swift */,
			);
			path = Model;
			sourceTree = "<group>";
		};
		B57AF11024E864F700D8D7F7 /* AuthorizesModules */ = {
			isa = PBXGroup;
			children = (
				B5B69AFC24CC85A600E9B552 /* ViewController.swift */,
				B52EE8DD24E5C5E500176EAA /* VKLoginController.swift */,
			);
			path = AuthorizesModules;
			sourceTree = "<group>";
		};
		B593E4042504BE98006B1753 /* Model */ = {
			isa = PBXGroup;
			children = (
				B5C51FB92504F0D80028671B /* NewsFeedModel.swift */,
			);
			path = Model;
			sourceTree = "<group>";
		};
		B5A4B5072508073C000A08F6 /* Views */ = {
			isa = PBXGroup;
			children = (
				B5DAC13924CDE8720081C6E2 /* FriendsDetailCollectionViewController.swift */,
				B5DAC14024CDE8F00081C6E2 /* FriendsDetailCollectionViewCell.swift */,
			);
			path = Views;
			sourceTree = "<group>";
		};
		B5B69AEC24CC85A600E9B552 = {
			isa = PBXGroup;
			children = (
				229787BB256B141400C89201 /* Readme.md */,
				B5B69AF724CC85A600E9B552 /* VKApi */,
				B5B69AF624CC85A600E9B552 /* Products */,
				B52EE8E224E5E29E00176EAA /* Frameworks */,
				C11407F4AB2B26D971A8859B /* Pods */,
			);
			sourceTree = "<group>";
		};
		B5B69AF624CC85A600E9B552 /* Products */ = {
			isa = PBXGroup;
			children = (
				B5B69AF524CC85A600E9B552 /* VKApi.app */,
			);
			name = Products;
			sourceTree = "<group>";
		};
		B5B69AF724CC85A600E9B552 /* VKApi */ = {
			isa = PBXGroup;
			children = (
				B53E7244252BC59000CA5F08 /* UIControls */,
				B5FC403E24D44FF400B56697 /* Main.storyboard */,
				B5DAC13624CDE7D20081C6E2 /* Helpers */,
				B550E32724EEF4E000C42755 /* StorageManager */,
				B52EE8DF24E5D8B000176EAA /* NetworkServices */,
				B5DAC13524CDE7A00081C6E2 /* Modules */,
				B5B69B0624CC85A700E9B552 /* Info.plist */,
			);
			path = VKApi;
			sourceTree = "<group>";
		};
		B5C0CE90250D265B00B8B59E /* Controllers */ = {
			isa = PBXGroup;
			children = (
				B5FC403C24D44D9D00B56697 /* NewsViewController.swift */,
				B5FC403824D44CBB00B56697 /* NewsTableViewCell.swift */,
			);
			path = Controllers;
			sourceTree = "<group>";
		};
		B5DAC13524CDE7A00081C6E2 /* Modules */ = {
			isa = PBXGroup;
			children = (
				B57AF11024E864F700D8D7F7 /* AuthorizesModules */,
				B5FC403524D44C5900B56697 /* NewsModules */,
				B5DAC13B24CDE87F0081C6E2 /* FriendsModules */,
				B5DAC14224CDE8FA0081C6E2 /* GroupsModules */,
			);
			path = Modules;
			sourceTree = "<group>";
		};
		B5DAC13624CDE7D20081C6E2 /* Helpers */ = {
			isa = PBXGroup;
			children = (
				B52EE8DB24E5C3BE00176EAA /* Session.swift */,
				B5B69AF824CC85A600E9B552 /* AppDelegate.swift */,
				B5B69AFA24CC85A600E9B552 /* SceneDelegate.swift */,
				B5B69B0124CC85A700E9B552 /* Assets.xcassets */,
				B5B69B0324CC85A700E9B552 /* LaunchScreen.storyboard */,
				B53FB72C24CF5CDA0009977E /* Extension.swift */,
			);
			path = Helpers;
			sourceTree = "<group>";
		};
		B5DAC13B24CDE87F0081C6E2 /* FriendsModules */ = {
			isa = PBXGroup;
			children = (
				B5DAC13C24CDE8970081C6E2 /* MainTableView */,
				B569877124FBDAF7009933D1 /* DetailCollectionVIew */,
			);
			path = FriendsModules;
			sourceTree = "<group>";
		};
		B5DAC13C24CDE8970081C6E2 /* MainTableView */ = {
			isa = PBXGroup;
			children = (
				B5EA885E24E9744A002C13E0 /* Model */,
				B5EA885D24E9743C002C13E0 /* View */,
			);
			path = MainTableView;
			sourceTree = "<group>";
		};
		B5DAC14224CDE8FA0081C6E2 /* GroupsModules */ = {
			isa = PBXGroup;
			children = (
				B5DAC14424CDE9230081C6E2 /* MainGroupesController */,
			);
			path = GroupsModules;
			sourceTree = "<group>";
		};
		B5DAC14424CDE9230081C6E2 /* MainGroupesController */ = {
			isa = PBXGroup;
			children = (
				B5EA886524E9A3C6002C13E0 /* Model */,
				B5EA886624E9A3CB002C13E0 /* Controllers */,
			);
			path = MainGroupesController;
			sourceTree = "<group>";
		};
		B5EA885D24E9743C002C13E0 /* View */ = {
			isa = PBXGroup;
			children = (
				B5DAC13724CDE83B0081C6E2 /* FriendsTableViewController.swift */,
				B5DAC13E24CDE8DC0081C6E2 /* FriendsTableViewCell.swift */,
			);
			path = View;
			sourceTree = "<group>";
		};
		B5EA885E24E9744A002C13E0 /* Model */ = {
			isa = PBXGroup;
			children = (
				B5EA885F24E9745A002C13E0 /* Friend.swift */,
			);
			path = Model;
			sourceTree = "<group>";
		};
		B5EA886524E9A3C6002C13E0 /* Model */ = {
			isa = PBXGroup;
			children = (
				B5EA886724E9A3E0002C13E0 /* Groups.swift */,
			);
			path = Model;
			sourceTree = "<group>";
		};
		B5EA886624E9A3CB002C13E0 /* Controllers */ = {
			isa = PBXGroup;
			children = (
				B5DAC14524CDE96C0081C6E2 /* GroupesTableViewController.swift */,
				B5DAC14724CDE9810081C6E2 /* GroupesTableViewCell.swift */,
			);
			path = Controllers;
			sourceTree = "<group>";
		};
		B5FC403524D44C5900B56697 /* NewsModules */ = {
			isa = PBXGroup;
			children = (
				B54C30502529F95C007B3604 /* CollectionViewController */,
				B593E4042504BE98006B1753 /* Model */,
				B5C0CE90250D265B00B8B59E /* Controllers */,
			);
			path = NewsModules;
			sourceTree = "<group>";
		};
		C11407F4AB2B26D971A8859B /* Pods */ = {
			isa = PBXGroup;
			children = (
				EBDC7CA7A0C72A7A4A1C7D84 /* Pods-VKApi.debug.xcconfig */,
				42E07992D5FB76B09D3A7511 /* Pods-VKApi.release.xcconfig */,
			);
			path = Pods;
			sourceTree = "<group>";
		};
/* End PBXGroup section */

/* Begin PBXNativeTarget section */
		B5B69AF424CC85A600E9B552 /* VKApi */ = {
			isa = PBXNativeTarget;
			buildConfigurationList = B5B69B0924CC85A700E9B552 /* Build configuration list for PBXNativeTarget "VKApi" */;
			buildPhases = (
				2D5A170026F67BBC19B08ADE /* [CP] Check Pods Manifest.lock */,
				B5B69AF124CC85A600E9B552 /* Sources */,
				B5B69AF224CC85A600E9B552 /* Frameworks */,
				B5B69AF324CC85A600E9B552 /* Resources */,
				A3B0BCDA53788C1E72E60F53 /* [CP] Embed Pods Frameworks */,
			);
			buildRules = (
			);
			dependencies = (
			);
			name = VKApi;
			productName = VKApi;
			productReference = B5B69AF524CC85A600E9B552 /* VKApi.app */;
			productType = "com.apple.product-type.application";
		};
/* End PBXNativeTarget section */

/* Begin PBXProject section */
		B5B69AED24CC85A600E9B552 /* Project object */ = {
			isa = PBXProject;
			attributes = {
				LastSwiftUpdateCheck = 1160;
				LastUpgradeCheck = 1200;
				ORGANIZATIONNAME = "Тимур Фатулоев";
				TargetAttributes = {
					B5B69AF424CC85A600E9B552 = {
						CreatedOnToolsVersion = 11.6;
					};
				};
			};
			buildConfigurationList = B5B69AF024CC85A600E9B552 /* Build configuration list for PBXProject "VKApi" */;
			compatibilityVersion = "Xcode 9.3";
			developmentRegion = en;
			hasScannedForEncodings = 0;
			knownRegions = (
				en,
				Base,
			);
			mainGroup = B5B69AEC24CC85A600E9B552;
			productRefGroup = B5B69AF624CC85A600E9B552 /* Products */;
			projectDirPath = "";
			projectRoot = "";
			targets = (
				B5B69AF424CC85A600E9B552 /* VKApi */,
			);
		};
/* End PBXProject section */

/* Begin PBXResourcesBuildPhase section */
		B5B69AF324CC85A600E9B552 /* Resources */ = {
			isa = PBXResourcesBuildPhase;
			buildActionMask = 2147483647;
			files = (
				B5FC403F24D44FF400B56697 /* Main.storyboard in Resources */,
				B5B69B0524CC85A700E9B552 /* LaunchScreen.storyboard in Resources */,
				229787BC256B141400C89201 /* Readme.md in Resources */,
				B5B69B0224CC85A700E9B552 /* Assets.xcassets in Resources */,
			);
			runOnlyForDeploymentPostprocessing = 0;
		};
/* End PBXResourcesBuildPhase section */

/* Begin PBXShellScriptBuildPhase section */
		2D5A170026F67BBC19B08ADE /* [CP] Check Pods Manifest.lock */ = {
			isa = PBXShellScriptBuildPhase;
			buildActionMask = 2147483647;
			files = (
			);
			inputFileListPaths = (
			);
			inputPaths = (
				"${PODS_PODFILE_DIR_PATH}/Podfile.lock",
				"${PODS_ROOT}/Manifest.lock",
			);
			name = "[CP] Check Pods Manifest.lock";
			outputFileListPaths = (
			);
			outputPaths = (
				"$(DERIVED_FILE_DIR)/Pods-VKApi-checkManifestLockResult.txt",
			);
			runOnlyForDeploymentPostprocessing = 0;
			shellPath = /bin/sh;
			shellScript = "diff \"${PODS_PODFILE_DIR_PATH}/Podfile.lock\" \"${PODS_ROOT}/Manifest.lock\" > /dev/null\nif [ $? != 0 ] ; then\n    # print error to STDERR\n    echo \"error: The sandbox is not in sync with the Podfile.lock. Run 'pod install' or update your CocoaPods installation.\" >&2\n    exit 1\nfi\n# This output is used by Xcode 'outputs' to avoid re-running this script phase.\necho \"SUCCESS\" > \"${SCRIPT_OUTPUT_FILE_0}\"\n";
			showEnvVarsInLog = 0;
		};
		A3B0BCDA53788C1E72E60F53 /* [CP] Embed Pods Frameworks */ = {
			isa = PBXShellScriptBuildPhase;
			buildActionMask = 2147483647;
			files = (
			);
			inputFileListPaths = (
				"${PODS_ROOT}/Target Support Files/Pods-VKApi/Pods-VKApi-frameworks-${CONFIGURATION}-input-files.xcfilelist",
			);
			name = "[CP] Embed Pods Frameworks";
			outputFileListPaths = (
				"${PODS_ROOT}/Target Support Files/Pods-VKApi/Pods-VKApi-frameworks-${CONFIGURATION}-output-files.xcfilelist",
			);
			runOnlyForDeploymentPostprocessing = 0;
			shellPath = /bin/sh;
			shellScript = "\"${PODS_ROOT}/Target Support Files/Pods-VKApi/Pods-VKApi-frameworks.sh\"\n";
			showEnvVarsInLog = 0;
		};
/* End PBXShellScriptBuildPhase section */

/* Begin PBXSourcesBuildPhase section */
		B5B69AF124CC85A600E9B552 /* Sources */ = {
			isa = PBXSourcesBuildPhase;
			buildActionMask = 2147483647;
			files = (
				B52EE8DE24E5C5E500176EAA /* VKLoginController.swift in Sources */,
				B5DAC14824CDE9810081C6E2 /* GroupesTableViewCell.swift in Sources */,
				B5EA886824E9A3E0002C13E0 /* Groups.swift in Sources */,
				B5FC403924D44CBB00B56697 /* NewsTableViewCell.swift in Sources */,
				B5B69AFD24CC85A600E9B552 /* ViewController.swift in Sources */,
				B5EA886224E9872D002C13E0 /* Response.swift in Sources */,
				B5C51FBA2504F0D80028671B /* NewsFeedModel.swift in Sources */,
				22943B2F2558914700361686 /* ViewsControl.swift in Sources */,
				B53FB72D24CF5CDA0009977E /* Extension.swift in Sources */,
				B54C305B2529F9D3007B3604 /* CellCollectionViewCell.swift in Sources */,
				22144AC3255736D300F86787 /* CommentsControl.swift in Sources */,
				B52EE8DC24E5C3BE00176EAA /* Session.swift in Sources */,
				B5F1BBC224FAAB9300097AC2 /* NetworkServices + Ext.swift in Sources */,
				B5B69AF924CC85A600E9B552 /* AppDelegate.swift in Sources */,
				B5DAC13824CDE83B0081C6E2 /* FriendsTableViewController.swift in Sources */,
				B52354492513FAC800B7E86F /* NetworkServices.swift in Sources */,
				22943B33255891BB00361686 /* RepostControl.swift in Sources */,
				B512384F251544D700ACF939 /* AsyncOperation.swift in Sources */,
				B5DAC14124CDE8F00081C6E2 /* FriendsDetailCollectionViewCell.swift in Sources */,
				B523544C2514010C00B7E86F /* NetworkOperation.swift in Sources */,
				B53E7246252BC5B600CA5F08 /* HeartControl.swift in Sources */,
				B5DAC13F24CDE8DC0081C6E2 /* FriendsTableViewCell.swift in Sources */,
				B5B69AFB24CC85A600E9B552 /* SceneDelegate.swift in Sources */,
				229B3143254A0FAA003FFFA8 /* PhotoService.swift in Sources */,
				B569877524FBDFEE009933D1 /* Photo.swift in Sources */,
				B5DAC14624CDE96C0081C6E2 /* GroupesTableViewController.swift in Sources */,
				B550E32924EEF50600C42755 /* RealmService.swift in Sources */,
				B5EA886024E9745A002C13E0 /* Friend.swift in Sources */,
				B5DAC13A24CDE8720081C6E2 /* FriendsDetailCollectionViewController.swift in Sources */,
				B5FC403D24D44D9D00B56697 /* NewsViewController.swift in Sources */,
				B54C30522529F986007B3604 /* NewsCollectionViewController.swift in Sources */,
			);
			runOnlyForDeploymentPostprocessing = 0;
		};
/* End PBXSourcesBuildPhase section */

/* Begin PBXVariantGroup section */
		B5B69B0324CC85A700E9B552 /* LaunchScreen.storyboard */ = {
			isa = PBXVariantGroup;
			children = (
				B5B69B0424CC85A700E9B552 /* Base */,
			);
			name = LaunchScreen.storyboard;
			sourceTree = "<group>";
		};
/* End PBXVariantGroup section */

/* Begin XCBuildConfiguration section */
		B5B69B0724CC85A700E9B552 /* Debug */ = {
			isa = XCBuildConfiguration;
			buildSettings = {
				ALWAYS_SEARCH_USER_PATHS = NO;
				CLANG_ANALYZER_NONNULL = YES;
				CLANG_ANALYZER_NUMBER_OBJECT_CONVERSION = YES_AGGRESSIVE;
				CLANG_CXX_LANGUAGE_STANDARD = "gnu++14";
				CLANG_CXX_LIBRARY = "libc++";
				CLANG_ENABLE_MODULES = YES;
				CLANG_ENABLE_OBJC_ARC = YES;
				CLANG_ENABLE_OBJC_WEAK = YES;
				CLANG_WARN_BLOCK_CAPTURE_AUTORELEASING = YES;
				CLANG_WARN_BOOL_CONVERSION = YES;
				CLANG_WARN_COMMA = YES;
				CLANG_WARN_CONSTANT_CONVERSION = YES;
				CLANG_WARN_DEPRECATED_OBJC_IMPLEMENTATIONS = YES;
				CLANG_WARN_DIRECT_OBJC_ISA_USAGE = YES_ERROR;
				CLANG_WARN_DOCUMENTATION_COMMENTS = YES;
				CLANG_WARN_EMPTY_BODY = YES;
				CLANG_WARN_ENUM_CONVERSION = YES;
				CLANG_WARN_INFINITE_RECURSION = YES;
				CLANG_WARN_INT_CONVERSION = YES;
				CLANG_WARN_NON_LITERAL_NULL_CONVERSION = YES;
				CLANG_WARN_OBJC_IMPLICIT_RETAIN_SELF = YES;
				CLANG_WARN_OBJC_LITERAL_CONVERSION = YES;
				CLANG_WARN_OBJC_ROOT_CLASS = YES_ERROR;
				CLANG_WARN_QUOTED_INCLUDE_IN_FRAMEWORK_HEADER = YES;
				CLANG_WARN_RANGE_LOOP_ANALYSIS = YES;
				CLANG_WARN_STRICT_PROTOTYPES = YES;
				CLANG_WARN_SUSPICIOUS_MOVE = YES;
				CLANG_WARN_UNGUARDED_AVAILABILITY = YES_AGGRESSIVE;
				CLANG_WARN_UNREACHABLE_CODE = YES;
				CLANG_WARN__DUPLICATE_METHOD_MATCH = YES;
				COPY_PHASE_STRIP = NO;
				DEBUG_INFORMATION_FORMAT = dwarf;
				ENABLE_STRICT_OBJC_MSGSEND = YES;
				ENABLE_TESTABILITY = YES;
				GCC_C_LANGUAGE_STANDARD = gnu11;
				GCC_DYNAMIC_NO_PIC = NO;
				GCC_NO_COMMON_BLOCKS = YES;
				GCC_OPTIMIZATION_LEVEL = 0;
				GCC_PREPROCESSOR_DEFINITIONS = (
					"DEBUG=1",
					"$(inherited)",
				);
				GCC_WARN_64_TO_32_BIT_CONVERSION = YES;
				GCC_WARN_ABOUT_RETURN_TYPE = YES_ERROR;
				GCC_WARN_UNDECLARED_SELECTOR = YES;
				GCC_WARN_UNINITIALIZED_AUTOS = YES_AGGRESSIVE;
				GCC_WARN_UNUSED_FUNCTION = YES;
				GCC_WARN_UNUSED_VARIABLE = YES;
				IPHONEOS_DEPLOYMENT_TARGET = 13.6;
				MTL_ENABLE_DEBUG_INFO = INCLUDE_SOURCE;
				MTL_FAST_MATH = YES;
				ONLY_ACTIVE_ARCH = YES;
				SDKROOT = iphoneos;
				SWIFT_ACTIVE_COMPILATION_CONDITIONS = DEBUG;
				SWIFT_OPTIMIZATION_LEVEL = "-Onone";
			};
			name = Debug;
		};
		B5B69B0824CC85A700E9B552 /* Release */ = {
			isa = XCBuildConfiguration;
			buildSettings = {
				ALWAYS_SEARCH_USER_PATHS = NO;
				CLANG_ANALYZER_NONNULL = YES;
				CLANG_ANALYZER_NUMBER_OBJECT_CONVERSION = YES_AGGRESSIVE;
				CLANG_CXX_LANGUAGE_STANDARD = "gnu++14";
				CLANG_CXX_LIBRARY = "libc++";
				CLANG_ENABLE_MODULES = YES;
				CLANG_ENABLE_OBJC_ARC = YES;
				CLANG_ENABLE_OBJC_WEAK = YES;
				CLANG_WARN_BLOCK_CAPTURE_AUTORELEASING = YES;
				CLANG_WARN_BOOL_CONVERSION = YES;
				CLANG_WARN_COMMA = YES;
				CLANG_WARN_CONSTANT_CONVERSION = YES;
				CLANG_WARN_DEPRECATED_OBJC_IMPLEMENTATIONS = YES;
				CLANG_WARN_DIRECT_OBJC_ISA_USAGE = YES_ERROR;
				CLANG_WARN_DOCUMENTATION_COMMENTS = YES;
				CLANG_WARN_EMPTY_BODY = YES;
				CLANG_WARN_ENUM_CONVERSION = YES;
				CLANG_WARN_INFINITE_RECURSION = YES;
				CLANG_WARN_INT_CONVERSION = YES;
				CLANG_WARN_NON_LITERAL_NULL_CONVERSION = YES;
				CLANG_WARN_OBJC_IMPLICIT_RETAIN_SELF = YES;
				CLANG_WARN_OBJC_LITERAL_CONVERSION = YES;
				CLANG_WARN_OBJC_ROOT_CLASS = YES_ERROR;
				CLANG_WARN_QUOTED_INCLUDE_IN_FRAMEWORK_HEADER = YES;
				CLANG_WARN_RANGE_LOOP_ANALYSIS = YES;
				CLANG_WARN_STRICT_PROTOTYPES = YES;
				CLANG_WARN_SUSPICIOUS_MOVE = YES;
				CLANG_WARN_UNGUARDED_AVAILABILITY = YES_AGGRESSIVE;
				CLANG_WARN_UNREACHABLE_CODE = YES;
				CLANG_WARN__DUPLICATE_METHOD_MATCH = YES;
				COPY_PHASE_STRIP = NO;
				DEBUG_INFORMATION_FORMAT = "dwarf-with-dsym";
				ENABLE_NS_ASSERTIONS = NO;
				ENABLE_STRICT_OBJC_MSGSEND = YES;
				GCC_C_LANGUAGE_STANDARD = gnu11;
				GCC_NO_COMMON_BLOCKS = YES;
				GCC_WARN_64_TO_32_BIT_CONVERSION = YES;
				GCC_WARN_ABOUT_RETURN_TYPE = YES_ERROR;
				GCC_WARN_UNDECLARED_SELECTOR = YES;
				GCC_WARN_UNINITIALIZED_AUTOS = YES_AGGRESSIVE;
				GCC_WARN_UNUSED_FUNCTION = YES;
				GCC_WARN_UNUSED_VARIABLE = YES;
				IPHONEOS_DEPLOYMENT_TARGET = 13.6;
				MTL_ENABLE_DEBUG_INFO = NO;
				MTL_FAST_MATH = YES;
				SDKROOT = iphoneos;
				SWIFT_COMPILATION_MODE = wholemodule;
				SWIFT_OPTIMIZATION_LEVEL = "-O";
				VALIDATE_PRODUCT = YES;
			};
			name = Release;
		};
		B5B69B0A24CC85A700E9B552 /* Debug */ = {
			isa = XCBuildConfiguration;
			baseConfigurationReference = EBDC7CA7A0C72A7A4A1C7D84 /* Pods-VKApi.debug.xcconfig */;
			buildSettings = {
				ASSETCATALOG_COMPILER_APPICON_NAME = AppIcon;
				CODE_SIGN_STYLE = Automatic;
				DEVELOPMENT_TEAM = Z87S9B5RFW;
				INFOPLIST_FILE = VKApi/Info.plist;
				LD_RUNPATH_SEARCH_PATHS = (
					"$(inherited)",
					"@executable_path/Frameworks",
				);
				PRODUCT_BUNDLE_IDENTIFIER = ru.TimFat.VKApi.VKApi;
				PRODUCT_NAME = "$(TARGET_NAME)";
				SWIFT_VERSION = 5.0;
				TARGETED_DEVICE_FAMILY = "1,2";
			};
			name = Debug;
		};
		B5B69B0B24CC85A700E9B552 /* Release */ = {
			isa = XCBuildConfiguration;
			baseConfigurationReference = 42E07992D5FB76B09D3A7511 /* Pods-VKApi.release.xcconfig */;
			buildSettings = {
				ASSETCATALOG_COMPILER_APPICON_NAME = AppIcon;
				CODE_SIGN_STYLE = Automatic;
				DEVELOPMENT_TEAM = Z87S9B5RFW;
				INFOPLIST_FILE = VKApi/Info.plist;
				LD_RUNPATH_SEARCH_PATHS = (
					"$(inherited)",
					"@executable_path/Frameworks",
				);
				PRODUCT_BUNDLE_IDENTIFIER = ru.TimFat.VKApi.VKApi;
				PRODUCT_NAME = "$(TARGET_NAME)";
				SWIFT_VERSION = 5.0;
				TARGETED_DEVICE_FAMILY = "1,2";
			};
			name = Release;
		};
/* End XCBuildConfiguration section */

/* Begin XCConfigurationList section */
		B5B69AF024CC85A600E9B552 /* Build configuration list for PBXProject "VKApi" */ = {
			isa = XCConfigurationList;
			buildConfigurations = (
				B5B69B0724CC85A700E9B552 /* Debug */,
				B5B69B0824CC85A700E9B552 /* Release */,
			);
			defaultConfigurationIsVisible = 0;
			defaultConfigurationName = Release;
		};
		B5B69B0924CC85A700E9B552 /* Build configuration list for PBXNativeTarget "VKApi" */ = {
			isa = XCConfigurationList;
			buildConfigurations = (
				B5B69B0A24CC85A700E9B552 /* Debug */,
				B5B69B0B24CC85A700E9B552 /* Release */,
			);
			defaultConfigurationIsVisible = 0;
			defaultConfigurationName = Release;
		};
/* End XCConfigurationList section */
	};
	rootObject = B5B69AED24CC85A600E9B552 /* Project object */;
}
